// !$*UTF8*$!
{
	archiveVersion = 1;
	classes = {
	};
	objectVersion = 52;
	objects = {

/* Begin PBXBuildFile section */
		1E6D5A2E252A794F004E7EF7 /* main.swift in Sources */ = {isa = PBXBuildFile; fileRef = 1E6D5A2D252A794F004E7EF7 /* main.swift */; };
		1E6D5A3A252A7B7D004E7EF7 /* ArgumentParser in Frameworks */ = {isa = PBXBuildFile; productRef = 1E6D5A39252A7B7D004E7EF7 /* ArgumentParser */; };
		1E6D5A3E252A7DDC004E7EF7 /* MonitorInfo.swift in Sources */ = {isa = PBXBuildFile; fileRef = 1E6D5A3D252A7DDC004E7EF7 /* MonitorInfo.swift */; };
		1E6D5A42252AC822004E7EF7 /* SQLite in Frameworks */ = {isa = PBXBuildFile; productRef = 1E6D5A41252AC822004E7EF7 /* SQLite */; };
		1E6D5A45252ADA6E004E7EF7 /* NSImageExtensions.swift in Sources */ = {isa = PBXBuildFile; fileRef = 1E6D5A44252ADA6E004E7EF7 /* NSImageExtensions.swift */; };
		1E6D5A48252C1119004E7EF7 /* Wallpaper.swift in Sources */ = {isa = PBXBuildFile; fileRef = 1E6D5A47252C1119004E7EF7 /* Wallpaper.swift */; };
		1E6D5A4B252C1E00004E7EF7 /* Screen.swift in Sources */ = {isa = PBXBuildFile; fileRef = 1E6D5A4A252C1E00004E7EF7 /* Screen.swift */; };
		1E6D5A4E252C2422004E7EF7 /* ImageCutter.swift in Sources */ = {isa = PBXBuildFile; fileRef = 1E6D5A4D252C2422004E7EF7 /* ImageCutter.swift */; };
		1E6D5A5225301D4D004E7EF7 /* PathHelper.swift in Sources */ = {isa = PBXBuildFile; fileRef = 1E6D5A5125301D4D004E7EF7 /* PathHelper.swift */; };
/* End PBXBuildFile section */

/* Begin PBXCopyFilesBuildPhase section */
		1E6D5A28252A794F004E7EF7 /* CopyFiles */ = {
			isa = PBXCopyFilesBuildPhase;
			buildActionMask = 2147483647;
			dstPath = /usr/share/man/man1/;
			dstSubfolderSpec = 0;
			files = (
			);
			runOnlyForDeploymentPostprocessing = 1;
		};
/* End PBXCopyFilesBuildPhase section */

/* Begin PBXFileReference section */
		1E6D5A2A252A794F004E7EF7 /* WallpaperSplit */ = {isa = PBXFileReference; explicitFileType = "compiled.mach-o.executable"; includeInIndex = 0; path = WallpaperSplit; sourceTree = BUILT_PRODUCTS_DIR; };
		1E6D5A2D252A794F004E7EF7 /* main.swift */ = {isa = PBXFileReference; lastKnownFileType = sourcecode.swift; path = main.swift; sourceTree = "<group>"; };
		1E6D5A3D252A7DDC004E7EF7 /* MonitorInfo.swift */ = {isa = PBXFileReference; lastKnownFileType = sourcecode.swift; path = MonitorInfo.swift; sourceTree = "<group>"; };
		1E6D5A44252ADA6E004E7EF7 /* NSImageExtensions.swift */ = {isa = PBXFileReference; lastKnownFileType = sourcecode.swift; path = NSImageExtensions.swift; sourceTree = "<group>"; };
		1E6D5A47252C1119004E7EF7 /* Wallpaper.swift */ = {isa = PBXFileReference; lastKnownFileType = sourcecode.swift; path = Wallpaper.swift; sourceTree = "<group>"; };
		1E6D5A4A252C1E00004E7EF7 /* Screen.swift */ = {isa = PBXFileReference; lastKnownFileType = sourcecode.swift; path = Screen.swift; sourceTree = "<group>"; };
		1E6D5A4D252C2422004E7EF7 /* ImageCutter.swift */ = {isa = PBXFileReference; lastKnownFileType = sourcecode.swift; path = ImageCutter.swift; sourceTree = "<group>"; };
		1E6D5A5125301D4D004E7EF7 /* PathHelper.swift */ = {isa = PBXFileReference; lastKnownFileType = sourcecode.swift; path = PathHelper.swift; sourceTree = "<group>"; };
/* End PBXFileReference section */

/* Begin PBXFrameworksBuildPhase section */
		1E6D5A27252A794F004E7EF7 /* Frameworks */ = {
			isa = PBXFrameworksBuildPhase;
			buildActionMask = 2147483647;
			files = (
				1E6D5A42252AC822004E7EF7 /* SQLite in Frameworks */,
				1E6D5A3A252A7B7D004E7EF7 /* ArgumentParser in Frameworks */,
			);
			runOnlyForDeploymentPostprocessing = 0;
		};
/* End PBXFrameworksBuildPhase section */

/* Begin PBXGroup section */
		1E6D5A21252A794F004E7EF7 = {
			isa = PBXGroup;
			children = (
				1E6D5A2C252A794F004E7EF7 /* WallpaperSplit */,
				1E6D5A2B252A794F004E7EF7 /* Products */,
			);
			sourceTree = "<group>";
		};
		1E6D5A2B252A794F004E7EF7 /* Products */ = {
			isa = PBXGroup;
			children = (
				1E6D5A2A252A794F004E7EF7 /* WallpaperSplit */,
			);
			name = Products;
			sourceTree = "<group>";
		};
		1E6D5A2C252A794F004E7EF7 /* WallpaperSplit */ = {
			isa = PBXGroup;
			children = (
				1E6D5A2D252A794F004E7EF7 /* main.swift */,
				1E6D5A3D252A7DDC004E7EF7 /* MonitorInfo.swift */,
				1E6D5A44252ADA6E004E7EF7 /* NSImageExtensions.swift */,
				1E6D5A47252C1119004E7EF7 /* Wallpaper.swift */,
				1E6D5A4A252C1E00004E7EF7 /* Screen.swift */,
				1E6D5A4D252C2422004E7EF7 /* ImageCutter.swift */,
				1E6D5A5125301D4D004E7EF7 /* PathHelper.swift */,
			);
			path = WallpaperSplit;
			sourceTree = "<group>";
		};
/* End PBXGroup section */

/* Begin PBXNativeTarget section */
		1E6D5A29252A794F004E7EF7 /* WallpaperSplit */ = {
			isa = PBXNativeTarget;
			buildConfigurationList = 1E6D5A31252A794F004E7EF7 /* Build configuration list for PBXNativeTarget "WallpaperSplit" */;
			buildPhases = (
				1E6D5A26252A794F004E7EF7 /* Sources */,
				1E6D5A27252A794F004E7EF7 /* Frameworks */,
				1E6D5A28252A794F004E7EF7 /* CopyFiles */,
			);
			buildRules = (
			);
			dependencies = (
			);
			name = WallpaperSplit;
			packageProductDependencies = (
				1E6D5A39252A7B7D004E7EF7 /* ArgumentParser */,
				1E6D5A41252AC822004E7EF7 /* SQLite */,
			);
			productName = WallpaperSplit;
			productReference = 1E6D5A2A252A794F004E7EF7 /* WallpaperSplit */;
			productType = "com.apple.product-type.tool";
		};
/* End PBXNativeTarget section */

/* Begin PBXProject section */
		1E6D5A22252A794F004E7EF7 /* Project object */ = {
			isa = PBXProject;
			attributes = {
				LastSwiftUpdateCheck = 1200;
				LastUpgradeCheck = 1200;
				TargetAttributes = {
					1E6D5A29252A794F004E7EF7 = {
						CreatedOnToolsVersion = 12.0.1;
					};
				};
			};
			buildConfigurationList = 1E6D5A25252A794F004E7EF7 /* Build configuration list for PBXProject "WallpaperSplit" */;
			compatibilityVersion = "Xcode 9.3";
			developmentRegion = en;
			hasScannedForEncodings = 0;
			knownRegions = (
				en,
				Base,
			);
			mainGroup = 1E6D5A21252A794F004E7EF7;
			packageReferences = (
				1E6D5A38252A7B7D004E7EF7 /* XCRemoteSwiftPackageReference "swift-argument-parser" */,
				1E6D5A40252AC822004E7EF7 /* XCRemoteSwiftPackageReference "SQLite" */,
			);
			productRefGroup = 1E6D5A2B252A794F004E7EF7 /* Products */;
			projectDirPath = "";
			projectRoot = "";
			targets = (
				1E6D5A29252A794F004E7EF7 /* WallpaperSplit */,
			);
		};
/* End PBXProject section */

/* Begin PBXSourcesBuildPhase section */
		1E6D5A26252A794F004E7EF7 /* Sources */ = {
			isa = PBXSourcesBuildPhase;
			buildActionMask = 2147483647;
			files = (
				1E6D5A5225301D4D004E7EF7 /* PathHelper.swift in Sources */,
				1E6D5A4B252C1E00004E7EF7 /* Screen.swift in Sources */,
				1E6D5A3E252A7DDC004E7EF7 /* MonitorInfo.swift in Sources */,
				1E6D5A4E252C2422004E7EF7 /* ImageCutter.swift in Sources */,
				1E6D5A45252ADA6E004E7EF7 /* NSImageExtensions.swift in Sources */,
				1E6D5A48252C1119004E7EF7 /* Wallpaper.swift in Sources */,
				1E6D5A2E252A794F004E7EF7 /* main.swift in Sources */,
			);
			runOnlyForDeploymentPostprocessing = 0;
		};
/* End PBXSourcesBuildPhase section */

/* Begin XCBuildConfiguration section */
		1E6D5A2F252A794F004E7EF7 /* Debug */ = {
			isa = XCBuildConfiguration;
			buildSettings = {
				ALWAYS_SEARCH_USER_PATHS = NO;
				CLANG_ANALYZER_NONNULL = YES;
				CLANG_ANALYZER_NUMBER_OBJECT_CONVERSION = YES_AGGRESSIVE;
				CLANG_CXX_LANGUAGE_STANDARD = "gnu++14";
				CLANG_CXX_LIBRARY = "libc++";
				CLANG_ENABLE_MODULES = YES;
				CLANG_ENABLE_OBJC_ARC = YES;
				CLANG_ENABLE_OBJC_WEAK = YES;
				CLANG_WARN_BLOCK_CAPTURE_AUTORELEASING = YES;
				CLANG_WARN_BOOL_CONVERSION = YES;
				CLANG_WARN_COMMA = YES;
				CLANG_WARN_CONSTANT_CONVERSION = YES;
				CLANG_WARN_DEPRECATED_OBJC_IMPLEMENTATIONS = YES;
				CLANG_WARN_DIRECT_OBJC_ISA_USAGE = YES_ERROR;
				CLANG_WARN_DOCUMENTATION_COMMENTS = YES;
				CLANG_WARN_EMPTY_BODY = YES;
				CLANG_WARN_ENUM_CONVERSION = YES;
				CLANG_WARN_INFINITE_RECURSION = YES;
				CLANG_WARN_INT_CONVERSION = YES;
				CLANG_WARN_NON_LITERAL_NULL_CONVERSION = YES;
				CLANG_WARN_OBJC_IMPLICIT_RETAIN_SELF = YES;
				CLANG_WARN_OBJC_LITERAL_CONVERSION = YES;
				CLANG_WARN_OBJC_ROOT_CLASS = YES_ERROR;
				CLANG_WARN_QUOTED_INCLUDE_IN_FRAMEWORK_HEADER = YES;
				CLANG_WARN_RANGE_LOOP_ANALYSIS = YES;
				CLANG_WARN_STRICT_PROTOTYPES = YES;
				CLANG_WARN_SUSPICIOUS_MOVE = YES;
				CLANG_WARN_UNGUARDED_AVAILABILITY = YES_AGGRESSIVE;
				CLANG_WARN_UNREACHABLE_CODE = YES;
				CLANG_WARN__DUPLICATE_METHOD_MATCH = YES;
				COPY_PHASE_STRIP = NO;
				DEBUG_INFORMATION_FORMAT = dwarf;
				ENABLE_STRICT_OBJC_MSGSEND = YES;
				ENABLE_TESTABILITY = YES;
				GCC_C_LANGUAGE_STANDARD = gnu11;
				GCC_DYNAMIC_NO_PIC = NO;
				GCC_NO_COMMON_BLOCKS = YES;
				GCC_OPTIMIZATION_LEVEL = 0;
				GCC_PREPROCESSOR_DEFINITIONS = (
					"DEBUG=1",
					"$(inherited)",
				);
				GCC_WARN_64_TO_32_BIT_CONVERSION = YES;
				GCC_WARN_ABOUT_RETURN_TYPE = YES_ERROR;
				GCC_WARN_UNDECLARED_SELECTOR = YES;
				GCC_WARN_UNINITIALIZED_AUTOS = YES_AGGRESSIVE;
				GCC_WARN_UNUSED_FUNCTION = YES;
				GCC_WARN_UNUSED_VARIABLE = YES;
				MACOSX_DEPLOYMENT_TARGET = 10.15;
				MTL_ENABLE_DEBUG_INFO = INCLUDE_SOURCE;
				MTL_FAST_MATH = YES;
				ONLY_ACTIVE_ARCH = YES;
				SDKROOT = macosx;
				SWIFT_ACTIVE_COMPILATION_CONDITIONS = DEBUG;
				SWIFT_OPTIMIZATION_LEVEL = "-Onone";
			};
			name = Debug;
		};
		1E6D5A30252A794F004E7EF7 /* Release */ = {
			isa = XCBuildConfiguration;
			buildSettings = {
				ALWAYS_SEARCH_USER_PATHS = NO;
				CLANG_ANALYZER_NONNULL = YES;
				CLANG_ANALYZER_NUMBER_OBJECT_CONVERSION = YES_AGGRESSIVE;
				CLANG_CXX_LANGUAGE_STANDARD = "gnu++14";
				CLANG_CXX_LIBRARY = "libc++";
				CLANG_ENABLE_MODULES = YES;
				CLANG_ENABLE_OBJC_ARC = YES;
				CLANG_ENABLE_OBJC_WEAK = YES;
				CLANG_WARN_BLOCK_CAPTURE_AUTORELEASING = YES;
				CLANG_WARN_BOOL_CONVERSION = YES;
				CLANG_WARN_COMMA = YES;
				CLANG_WARN_CONSTANT_CONVERSION = YES;
				CLANG_WARN_DEPRECATED_OBJC_IMPLEMENTATIONS = YES;
				CLANG_WARN_DIRECT_OBJC_ISA_USAGE = YES_ERROR;
				CLANG_WARN_DOCUMENTATION_COMMENTS = YES;
				CLANG_WARN_EMPTY_BODY = YES;
				CLANG_WARN_ENUM_CONVERSION = YES;
				CLANG_WARN_INFINITE_RECURSION = YES;
				CLANG_WARN_INT_CONVERSION = YES;
				CLANG_WARN_NON_LITERAL_NULL_CONVERSION = YES;
				CLANG_WARN_OBJC_IMPLICIT_RETAIN_SELF = YES;
				CLANG_WARN_OBJC_LITERAL_CONVERSION = YES;
				CLANG_WARN_OBJC_ROOT_CLASS = YES_ERROR;
				CLANG_WARN_QUOTED_INCLUDE_IN_FRAMEWORK_HEADER = YES;
				CLANG_WARN_RANGE_LOOP_ANALYSIS = YES;
				CLANG_WARN_STRICT_PROTOTYPES = YES;
				CLANG_WARN_SUSPICIOUS_MOVE = YES;
				CLANG_WARN_UNGUARDED_AVAILABILITY = YES_AGGRESSIVE;
				CLANG_WARN_UNREACHABLE_CODE = YES;
				CLANG_WARN__DUPLICATE_METHOD_MATCH = YES;
				COPY_PHASE_STRIP = NO;
				DEBUG_INFORMATION_FORMAT = "dwarf-with-dsym";
				ENABLE_NS_ASSERTIONS = NO;
				ENABLE_STRICT_OBJC_MSGSEND = YES;
				GCC_C_LANGUAGE_STANDARD = gnu11;
				GCC_NO_COMMON_BLOCKS = YES;
				GCC_WARN_64_TO_32_BIT_CONVERSION = YES;
				GCC_WARN_ABOUT_RETURN_TYPE = YES_ERROR;
				GCC_WARN_UNDECLARED_SELECTOR = YES;
				GCC_WARN_UNINITIALIZED_AUTOS = YES_AGGRESSIVE;
				GCC_WARN_UNUSED_FUNCTION = YES;
				GCC_WARN_UNUSED_VARIABLE = YES;
				MACOSX_DEPLOYMENT_TARGET = 10.15;
				MTL_ENABLE_DEBUG_INFO = NO;
				MTL_FAST_MATH = YES;
				SDKROOT = macosx;
				SWIFT_COMPILATION_MODE = wholemodule;
				SWIFT_OPTIMIZATION_LEVEL = "-O";
			};
			name = Release;
		};
		1E6D5A32252A794F004E7EF7 /* Debug */ = {
			isa = XCBuildConfiguration;
			buildSettings = {
				CODE_SIGN_STYLE = Automatic;
				DEVELOPMENT_TEAM = B42GF4868K;
				ENABLE_HARDENED_RUNTIME = YES;
				PRODUCT_NAME = "$(TARGET_NAME)";
				SWIFT_VERSION = 5.0;
			};
			name = Debug;
		};
		1E6D5A33252A794F004E7EF7 /* Release */ = {
			isa = XCBuildConfiguration;
			buildSettings = {
				CODE_SIGN_STYLE = Automatic;
				DEVELOPMENT_TEAM = B42GF4868K;
				ENABLE_HARDENED_RUNTIME = YES;
				PRODUCT_NAME = "$(TARGET_NAME)";
				SWIFT_VERSION = 5.0;
			};
			name = Release;
		};
/* End XCBuildConfiguration section */

/* Begin XCConfigurationList section */
		1E6D5A25252A794F004E7EF7 /* Build configuration list for PBXProject "WallpaperSplit" */ = {
			isa = XCConfigurationList;
			buildConfigurations = (
				1E6D5A2F252A794F004E7EF7 /* Debug */,
				1E6D5A30252A794F004E7EF7 /* Release */,
			);
			defaultConfigurationIsVisible = 0;
			defaultConfigurationName = Release;
		};
		1E6D5A31252A794F004E7EF7 /* Build configuration list for PBXNativeTarget "WallpaperSplit" */ = {
			isa = XCConfigurationList;
			buildConfigurations = (
				1E6D5A32252A794F004E7EF7 /* Debug */,
				1E6D5A33252A794F004E7EF7 /* Release */,
			);
			defaultConfigurationIsVisible = 0;
			defaultConfigurationName = Release;
		};
/* End XCConfigurationList section */

/* Begin XCRemoteSwiftPackageReference section */
		1E6D5A38252A7B7D004E7EF7 /* XCRemoteSwiftPackageReference "swift-argument-parser" */ = {
			isa = XCRemoteSwiftPackageReference;
			repositoryURL = "https://github.com/apple/swift-argument-parser";
			requirement = {
				kind = upToNextMajorVersion;
				minimumVersion = 0.3.1;
			};
		};
		1E6D5A40252AC822004E7EF7 /* XCRemoteSwiftPackageReference "SQLite" */ = {
			isa = XCRemoteSwiftPackageReference;
			repositoryURL = "https://github.com/stephencelis/SQLite.swift";
			requirement = {
				kind = upToNextMajorVersion;
				minimumVersion = 0.12.2;
			};
		};
/* End XCRemoteSwiftPackageReference section */

/* Begin XCSwiftPackageProductDependency section */
		1E6D5A39252A7B7D004E7EF7 /* ArgumentParser */ = {
			isa = XCSwiftPackageProductDependency;
			package = 1E6D5A38252A7B7D004E7EF7 /* XCRemoteSwiftPackageReference "swift-argument-parser" */;
			productName = ArgumentParser;
		};
		1E6D5A41252AC822004E7EF7 /* SQLite */ = {
			isa = XCSwiftPackageProductDependency;
			package = 1E6D5A40252AC822004E7EF7 /* XCRemoteSwiftPackageReference "SQLite" */;
			productName = SQLite;
		};
/* End XCSwiftPackageProductDependency section */
	};
	rootObject = 1E6D5A22252A794F004E7EF7 /* Project object */;
}
